
Microsoft Visual Studio Solution File, Format Version 12.00
# Visual Studio Version 17
VisualStudioVersion = 17.1.32414.318
MinimumVisualStudioVersion = 10.0.40219.1
Project("{9A19103F-16F7-4668-BE54-9A1E7A4F7556}") = "BusinessLogic", "BusinessLogic\BusinessLogic.csproj", "{89562F50-72B4-45DD-B24E-1178244401EB}"
EndProject
Project("{9A19103F-16F7-4668-BE54-9A1E7A4F7556}") = "BusinessLogicTests", "BusinessLogicTests\BusinessLogicTests.csproj", "{ECE3E0C6-5373-41BF-84E2-0232BF14089C}"
EndProject
Project("{FAE04EC0-301F-11D3-BF4B-00C04F79EFBC}") = "DataAccess", "DataAccess\DataAccess.csproj", "{ED29AF0D-EA71-4414-8D92-D2FC41DD419A}"
EndProject
Global
	GlobalSection(SolutionConfigurationPlatforms) = preSolution
		Debug|Any CPU = Debug|Any CPU
		Release|Any CPU = Release|Any CPU
	EndGlobalSection
	GlobalSection(ProjectConfigurationPlatforms) = postSolution
		{89562F50-72B4-45DD-B24E-1178244401EB}.Debug|Any CPU.ActiveCfg = Debug|Any CPU
		{89562F50-72B4-45DD-B24E-1178244401EB}.Debug|Any CPU.Build.0 = Debug|Any CPU
		{89562F50-72B4-45DD-B24E-1178244401EB}.Release|Any CPU.ActiveCfg = Release|Any CPU
		{89562F50-72B4-45DD-B24E-1178244401EB}.Release|Any CPU.Build.0 = Release|Any CPU
		{ECE3E0C6-5373-41BF-84E2-0232BF14089C}.Debug|Any CPU.ActiveCfg = Debug|Any CPU
		{ECE3E0C6-5373-41BF-84E2-0232BF14089C}.Debug|Any CPU.Build.0 = Debug|Any CPU
		{ECE3E0C6-5373-41BF-84E2-0232BF14089C}.Release|Any CPU.ActiveCfg = Release|Any CPU
		{ECE3E0C6-5373-41BF-84E2-0232BF14089C}.Release|Any CPU.Build.0 = Release|Any CPU
		{ED29AF0D-EA71-4414-8D92-D2FC41DD419A}.Debug|Any CPU.ActiveCfg = Debug|Any CPU
		{ED29AF0D-EA71-4414-8D92-D2FC41DD419A}.Debug|Any CPU.Build.0 = Debug|Any CPU
		{ED29AF0D-EA71-4414-8D92-D2FC41DD419A}.Release|Any CPU.ActiveCfg = Release|Any CPU
		{ED29AF0D-EA71-4414-8D92-D2FC41DD419A}.Release|Any CPU.Build.0 = Release|Any CPU
	EndGlobalSection
	GlobalSection(SolutionProperties) = preSolution
		HideSolutionNode = FALSE
	EndGlobalSection
	GlobalSection(ExtensibilityGlobals) = postSolution
		SolutionGuid = {DC40ED33-5FDD-43DF-A466-F2C41289389A}
	EndGlobalSection
EndGlobal
